
Microsoft Visual Studio Solution File, Format Version 12.00
# Visual Studio Version 16
VisualStudioVersion = 16.0.29306.81
MinimumVisualStudioVersion = 10.0.40219.1
Project("{FAE04EC0-301F-11D3-BF4B-00C04F79EFBC}") = "UserMaintenance", "UserMaintenance\UserMaintenance.csproj", "{A328BCA4-0417-4356-AD6E-3F511791A2E3}"
EndProject
Project("{FAE04EC0-301F-11D3-BF4B-00C04F79EFBC}") = "gyakfeladat7", "gyakfeladat7\gyakfeladat7.csproj", "{1105D901-484E-4D9D-B767-580554F7D7B4}"
EndProject
Global
	GlobalSection(SolutionConfigurationPlatforms) = preSolution
		Debug|Any CPU = Debug|Any CPU
		Release|Any CPU = Release|Any CPU
	EndGlobalSection
	GlobalSection(ProjectConfigurationPlatforms) = postSolution
		{A328BCA4-0417-4356-AD6E-3F511791A2E3}.Debug|Any CPU.ActiveCfg = Debug|Any CPU
		{A328BCA4-0417-4356-AD6E-3F511791A2E3}.Debug|Any CPU.Build.0 = Debug|Any CPU
		{A328BCA4-0417-4356-AD6E-3F511791A2E3}.Release|Any CPU.ActiveCfg = Release|Any CPU
		{A328BCA4-0417-4356-AD6E-3F511791A2E3}.Release|Any CPU.Build.0 = Release|Any CPU
		{1105D901-484E-4D9D-B767-580554F7D7B4}.Debug|Any CPU.ActiveCfg = Debug|Any CPU
		{1105D901-484E-4D9D-B767-580554F7D7B4}.Debug|Any CPU.Build.0 = Debug|Any CPU
		{1105D901-484E-4D9D-B767-580554F7D7B4}.Release|Any CPU.ActiveCfg = Release|Any CPU
		{1105D901-484E-4D9D-B767-580554F7D7B4}.Release|Any CPU.Build.0 = Release|Any CPU
	EndGlobalSection
	GlobalSection(SolutionProperties) = preSolution
		HideSolutionNode = FALSE
	EndGlobalSection
	GlobalSection(ExtensibilityGlobals) = postSolution
		SolutionGuid = {E0138CF8-E114-4107-B32C-A2B04EAA6F40}
	EndGlobalSection
EndGlobal
