
Microsoft Visual Studio Solution File, Format Version 12.00
# Visual Studio Version 16
VisualStudioVersion = 16.0.29306.81
MinimumVisualStudioVersion = 10.0.40219.1
Project("{FAE04EC0-301F-11D3-BF4B-00C04F79EFBC}") = "gyakfeladat4", "gyakfeladat4\gyakfeladat4.csproj", "{B7269032-6D00-4ED2-85AF-4552E314A78E}"
EndProject
Global
	GlobalSection(SolutionConfigurationPlatforms) = preSolution
		Debug|Any CPU = Debug|Any CPU
		Release|Any CPU = Release|Any CPU
	EndGlobalSection
	GlobalSection(ProjectConfigurationPlatforms) = postSolution
		{B7269032-6D00-4ED2-85AF-4552E314A78E}.Debug|Any CPU.ActiveCfg = Debug|Any CPU
		{B7269032-6D00-4ED2-85AF-4552E314A78E}.Debug|Any CPU.Build.0 = Debug|Any CPU
		{B7269032-6D00-4ED2-85AF-4552E314A78E}.Release|Any CPU.ActiveCfg = Release|Any CPU
		{B7269032-6D00-4ED2-85AF-4552E314A78E}.Release|Any CPU.Build.0 = Release|Any CPU
	EndGlobalSection
	GlobalSection(SolutionProperties) = preSolution
		HideSolutionNode = FALSE
	EndGlobalSection
	GlobalSection(ExtensibilityGlobals) = postSolution
		SolutionGuid = {B9C70C34-6145-4A53-BF93-F1188A6EE17E}
	EndGlobalSection
EndGlobal
